// !$*UTF8*$!
{
	archiveVersion = 1;
	classes = {
	};
	objectVersion = 46;
	objects = {

/* Begin PBXBuildFile section */
		5456CB3E1F7BE0E0007EE2B4 /* AppDelegate.swift in Sources */ = {isa = PBXBuildFile; fileRef = 5456CB3D1F7BE0E0007EE2B4 /* AppDelegate.swift */; };
		5456CB431F7BE0E0007EE2B4 /* Main.storyboard in Resources */ = {isa = PBXBuildFile; fileRef = 5456CB411F7BE0E0007EE2B4 /* Main.storyboard */; };
		5456CB451F7BE0E0007EE2B4 /* Assets.xcassets in Resources */ = {isa = PBXBuildFile; fileRef = 5456CB441F7BE0E0007EE2B4 /* Assets.xcassets */; };
		5456CB481F7BE0E0007EE2B4 /* LaunchScreen.storyboard in Resources */ = {isa = PBXBuildFile; fileRef = 5456CB461F7BE0E0007EE2B4 /* LaunchScreen.storyboard */; };
		5456CB511F7BE1A8007EE2B4 /* TableViewController.swift in Sources */ = {isa = PBXBuildFile; fileRef = 5456CB501F7BE1A8007EE2B4 /* TableViewController.swift */; };
/* End PBXBuildFile section */

/* Begin PBXFileReference section */
		5456CB3A1F7BE0E0007EE2B4 /* SearchBar in TableView.app */ = {isa = PBXFileReference; explicitFileType = wrapper.application; includeInIndex = 0; path = "SearchBar in TableView.app"; sourceTree = BUILT_PRODUCTS_DIR; };
		5456CB3D1F7BE0E0007EE2B4 /* AppDelegate.swift */ = {isa = PBXFileReference; lastKnownFileType = sourcecode.swift; path = AppDelegate.swift; sourceTree = "<group>"; };
		5456CB421F7BE0E0007EE2B4 /* Base */ = {isa = PBXFileReference; lastKnownFileType = file.storyboard; name = Base; path = Base.lproj/Main.storyboard; sourceTree = "<group>"; };
		5456CB441F7BE0E0007EE2B4 /* Assets.xcassets */ = {isa = PBXFileReference; lastKnownFileType = folder.assetcatalog; path = Assets.xcassets; sourceTree = "<group>"; };
		5456CB471F7BE0E0007EE2B4 /* Base */ = {isa = PBXFileReference; lastKnownFileType = file.storyboard; name = Base; path = Base.lproj/LaunchScreen.storyboard; sourceTree = "<group>"; };
		5456CB491F7BE0E0007EE2B4 /* Info.plist */ = {isa = PBXFileReference; lastKnownFileType = text.plist.xml; path = Info.plist; sourceTree = "<group>"; };
		5456CB501F7BE1A8007EE2B4 /* TableViewController.swift */ = {isa = PBXFileReference; fileEncoding = 4; lastKnownFileType = sourcecode.swift; path = TableViewController.swift; sourceTree = "<group>"; };
/* End PBXFileReference section */

/* Begin PBXFrameworksBuildPhase section */
		5456CB371F7BE0E0007EE2B4 /* Frameworks */ = {
			isa = PBXFrameworksBuildPhase;
			buildActionMask = 2147483647;
			files = (
			);
			runOnlyForDeploymentPostprocessing = 0;
		};
/* End PBXFrameworksBuildPhase section */

/* Begin PBXGroup section */
		5456CB311F7BE0E0007EE2B4 = {
			isa = PBXGroup;
			children = (
				5456CB3C1F7BE0E0007EE2B4 /* SearchBar in TableView */,
				5456CB3B1F7BE0E0007EE2B4 /* Products */,
			);
			sourceTree = "<group>";
		};
		5456CB3B1F7BE0E0007EE2B4 /* Products */ = {
			isa = PBXGroup;
			children = (
				5456CB3A1F7BE0E0007EE2B4 /* SearchBar in TableView.app */,
			);
			name = Products;
			sourceTree = "<group>";
		};
		5456CB3C1F7BE0E0007EE2B4 /* SearchBar in TableView */ = {
			isa = PBXGroup;
			children = (
				5456CB411F7BE0E0007EE2B4 /* Main.storyboard */,
				5456CB501F7BE1A8007EE2B4 /* TableViewController.swift */,
				5456CB4F1F7BE0FD007EE2B4 /* Supporting Files */,
			);
			path = "SearchBar in TableView";
			sourceTree = "<group>";
		};
		5456CB4F1F7BE0FD007EE2B4 /* Supporting Files */ = {
			isa = PBXGroup;
			children = (
				5456CB3D1F7BE0E0007EE2B4 /* AppDelegate.swift */,
				5456CB441F7BE0E0007EE2B4 /* Assets.xcassets */,
				5456CB461F7BE0E0007EE2B4 /* LaunchScreen.storyboard */,
				5456CB491F7BE0E0007EE2B4 /* Info.plist */,
			);
			name = "Supporting Files";
			sourceTree = "<group>";
		};
/* End PBXGroup section */

/* Begin PBXNativeTarget section */
		5456CB391F7BE0E0007EE2B4 /* SearchBar in TableView */ = {
			isa = PBXNativeTarget;
			buildConfigurationList = 5456CB4C1F7BE0E0007EE2B4 /* Build configuration list for PBXNativeTarget "SearchBar in TableView" */;
			buildPhases = (
				5456CB361F7BE0E0007EE2B4 /* Sources */,
				5456CB371F7BE0E0007EE2B4 /* Frameworks */,
				5456CB381F7BE0E0007EE2B4 /* Resources */,
			);
			buildRules = (
			);
			dependencies = (
			);
			name = "SearchBar in TableView";
			productName = "SearchBar in TableView";
			productReference = 5456CB3A1F7BE0E0007EE2B4 /* SearchBar in TableView.app */;
			productType = "com.apple.product-type.application";
		};
/* End PBXNativeTarget section */

/* Begin PBXProject section */
		5456CB321F7BE0E0007EE2B4 /* Project object */ = {
			isa = PBXProject;
			attributes = {
				LastSwiftUpdateCheck = 0830;
				LastUpgradeCheck = 0830;
				ORGANIZATIONNAME = "Martin Vacas";
				TargetAttributes = {
					5456CB391F7BE0E0007EE2B4 = {
						CreatedOnToolsVersion = 8.3.3;
						ProvisioningStyle = Automatic;
					};
				};
			};
			buildConfigurationList = 5456CB351F7BE0E0007EE2B4 /* Build configuration list for PBXProject "SearchBar in TableView" */;
			compatibilityVersion = "Xcode 3.2";
			developmentRegion = English;
			hasScannedForEncodings = 0;
			knownRegions = (
				en,
				Base,
			);
			mainGroup = 5456CB311F7BE0E0007EE2B4;
			productRefGroup = 5456CB3B1F7BE0E0007EE2B4 /* Products */;
			projectDirPath = "";
			projectRoot = "";
			targets = (
				5456CB391F7BE0E0007EE2B4 /* SearchBar in TableView */,
			);
		};
/* End PBXProject section */

/* Begin PBXResourcesBuildPhase section */
		5456CB381F7BE0E0007EE2B4 /* Resources */ = {
			isa = PBXResourcesBuildPhase;
			buildActionMask = 2147483647;
			files = (
				5456CB481F7BE0E0007EE2B4 /* LaunchScreen.storyboard in Resources */,
				5456CB451F7BE0E0007EE2B4 /* Assets.xcassets in Resources */,
				5456CB431F7BE0E0007EE2B4 /* Main.storyboard in Resources */,
			);
			runOnlyForDeploymentPostprocessing = 0;
		};
/* End PBXResourcesBuildPhase section */

/* Begin PBXSourcesBuildPhase section */
		5456CB361F7BE0E0007EE2B4 /* Sources */ = {
			isa = PBXSourcesBuildPhase;
			buildActionMask = 2147483647;
			files = (
				5456CB511F7BE1A8007EE2B4 /* TableViewController.swift in Sources */,
				5456CB3E1F7BE0E0007EE2B4 /* AppDelegate.swift in Sources */,
			);
			runOnlyForDeploymentPostprocessing = 0;
		};
/* End PBXSourcesBuildPhase section */

/* Begin PBXVariantGroup section */
		5456CB411F7BE0E0007EE2B4 /* Main.storyboard */ = {
			isa = PBXVariantGroup;
			children = (
				5456CB421F7BE0E0007EE2B4 /* Base */,
			);
			name = Main.storyboard;
			sourceTree = "<group>";
		};
		5456CB461F7BE0E0007EE2B4 /* LaunchScreen.storyboard */ = {
			isa = PBXVariantGroup;
			children = (
				5456CB471F7BE0E0007EE2B4 /* Base */,
			);
			name = LaunchScreen.storyboard;
			sourceTree = "<group>";
		};
/* End PBXVariantGroup section */

/* Begin XCBuildConfiguration section */
		5456CB4A1F7BE0E0007EE2B4 /* Debug */ = {
			isa = XCBuildConfiguration;
			buildSettings = {
				ALWAYS_SEARCH_USER_PATHS = NO;
				CLANG_ANALYZER_NONNULL = YES;
				CLANG_ANALYZER_NUMBER_OBJECT_CONVERSION = YES_AGGRESSIVE;
				CLANG_CXX_LANGUAGE_STANDARD = "gnu++0x";
				CLANG_CXX_LIBRARY = "libc++";
				CLANG_ENABLE_MODULES = YES;
				CLANG_ENABLE_OBJC_ARC = YES;
				CLANG_WARN_BOOL_CONVERSION = YES;
				CLANG_WARN_CONSTANT_CONVERSION = YES;
				CLANG_WARN_DIRECT_OBJC_ISA_USAGE = YES_ERROR;
				CLANG_WARN_DOCUMENTATION_COMMENTS = YES;
				CLANG_WARN_EMPTY_BODY = YES;
				CLANG_WARN_ENUM_CONVERSION = YES;
				CLANG_WARN_INFINITE_RECURSION = YES;
				CLANG_WARN_INT_CONVERSION = YES;
				CLANG_WARN_OBJC_ROOT_CLASS = YES_ERROR;
				CLANG_WARN_SUSPICIOUS_MOVE = YES;
				CLANG_WARN_UNREACHABLE_CODE = YES;
				CLANG_WARN__DUPLICATE_METHOD_MATCH = YES;
				"CODE_SIGN_IDENTITY[sdk=iphoneos*]" = "iPhone Developer";
				COPY_PHASE_STRIP = NO;
				DEBUG_INFORMATION_FORMAT = dwarf;
				ENABLE_STRICT_OBJC_MSGSEND = YES;
				ENABLE_TESTABILITY = YES;
				GCC_C_LANGUAGE_STANDARD = gnu99;
				GCC_DYNAMIC_NO_PIC = NO;
				GCC_NO_COMMON_BLOCKS = YES;
				GCC_OPTIMIZATION_LEVEL = 0;
				GCC_PREPROCESSOR_DEFINITIONS = (
					"DEBUG=1",
					"$(inherited)",
				);
				GCC_WARN_64_TO_32_BIT_CONVERSION = YES;
				GCC_WARN_ABOUT_RETURN_TYPE = YES_ERROR;
				GCC_WARN_UNDECLARED_SELECTOR = YES;
				GCC_WARN_UNINITIALIZED_AUTOS = YES_AGGRESSIVE;
				GCC_WARN_UNUSED_FUNCTION = YES;
				GCC_WARN_UNUSED_VARIABLE = YES;
				IPHONEOS_DEPLOYMENT_TARGET = 10.3;
				MTL_ENABLE_DEBUG_INFO = YES;
				ONLY_ACTIVE_ARCH = YES;
				SDKROOT = iphoneos;
				SWIFT_ACTIVE_COMPILATION_CONDITIONS = DEBUG;
				SWIFT_OPTIMIZATION_LEVEL = "-Onone";
				TARGETED_DEVICE_FAMILY = "1,2";
			};
			name = Debug;
		};
		5456CB4B1F7BE0E0007EE2B4 /* Release */ = {
			isa = XCBuildConfiguration;
			buildSettings = {
				ALWAYS_SEARCH_USER_PATHS = NO;
				CLANG_ANALYZER_NONNULL = YES;
				CLANG_ANALYZER_NUMBER_OBJECT_CONVERSION = YES_AGGRESSIVE;
				CLANG_CXX_LANGUAGE_STANDARD = "gnu++0x";
				CLANG_CXX_LIBRARY = "libc++";
				CLANG_ENABLE_MODULES = YES;
				CLANG_ENABLE_OBJC_ARC = YES;
				CLANG_WARN_BOOL_CONVERSION = YES;
				CLANG_WARN_CONSTANT_CONVERSION = YES;
				CLANG_WARN_DIRECT_OBJC_ISA_USAGE = YES_ERROR;
				CLANG_WARN_DOCUMENTATION_COMMENTS = YES;
				CLANG_WARN_EMPTY_BODY = YES;
				CLANG_WARN_ENUM_CONVERSION = YES;
				CLANG_WARN_INFINITE_RECURSION = YES;
				CLANG_WARN_INT_CONVERSION = YES;
				CLANG_WARN_OBJC_ROOT_CLASS = YES_ERROR;
				CLANG_WARN_SUSPICIOUS_MOVE = YES;
				CLANG_WARN_UNREACHABLE_CODE = YES;
				CLANG_WARN__DUPLICATE_METHOD_MATCH = YES;
				"CODE_SIGN_IDENTITY[sdk=iphoneos*]" = "iPhone Developer";
				COPY_PHASE_STRIP = NO;
				DEBUG_INFORMATION_FORMAT = "dwarf-with-dsym";
				ENABLE_NS_ASSERTIONS = NO;
				ENABLE_STRICT_OBJC_MSGSEND = YES;
				GCC_C_LANGUAGE_STANDARD = gnu99;
				GCC_NO_COMMON_BLOCKS = YES;
				GCC_WARN_64_TO_32_BIT_CONVERSION = YES;
				GCC_WARN_ABOUT_RETURN_TYPE = YES_ERROR;
				GCC_WARN_UNDECLARED_SELECTOR = YES;
				GCC_WARN_UNINITIALIZED_AUTOS = YES_AGGRESSIVE;
				GCC_WARN_UNUSED_FUNCTION = YES;
				GCC_WARN_UNUSED_VARIABLE = YES;
				IPHONEOS_DEPLOYMENT_TARGET = 10.3;
				MTL_ENABLE_DEBUG_INFO = NO;
				SDKROOT = iphoneos;
				SWIFT_OPTIMIZATION_LEVEL = "-Owholemodule";
				TARGETED_DEVICE_FAMILY = "1,2";
				VALIDATE_PRODUCT = YES;
			};
			name = Release;
		};
		5456CB4D1F7BE0E0007EE2B4 /* Debug */ = {
			isa = XCBuildConfiguration;
			buildSettings = {
				ASSETCATALOG_COMPILER_APPICON_NAME = AppIcon;
				INFOPLIST_FILE = "SearchBar in TableView/Info.plist";
				LD_RUNPATH_SEARCH_PATHS = "$(inherited) @executable_path/Frameworks";
				PRODUCT_BUNDLE_IDENTIFIER = "ar.com.fluxit.SearchBar-in-TableView";
				PRODUCT_NAME = "$(TARGET_NAME)";
				SWIFT_VERSION = 3.0;
			};
			name = Debug;
		};
		5456CB4E1F7BE0E0007EE2B4 /* Release */ = {
			isa = XCBuildConfiguration;
			buildSettings = {
				ASSETCATALOG_COMPILER_APPICON_NAME = AppIcon;
				INFOPLIST_FILE = "SearchBar in TableView/Info.plist";
				LD_RUNPATH_SEARCH_PATHS = "$(inherited) @executable_path/Frameworks";
				PRODUCT_BUNDLE_IDENTIFIER = "ar.com.fluxit.SearchBar-in-TableView";
				PRODUCT_NAME = "$(TARGET_NAME)";
				SWIFT_VERSION = 3.0;
			};
			name = Release;
		};
/* End XCBuildConfiguration section */

/* Begin XCConfigurationList section */
		5456CB351F7BE0E0007EE2B4 /* Build configuration list for PBXProject "SearchBar in TableView" */ = {
			isa = XCConfigurationList;
			buildConfigurations = (
				5456CB4A1F7BE0E0007EE2B4 /* Debug */,
				5456CB4B1F7BE0E0007EE2B4 /* Release */,
			);
			defaultConfigurationIsVisible = 0;
			defaultConfigurationName = Release;
		};
		5456CB4C1F7BE0E0007EE2B4 /* Build configuration list for PBXNativeTarget "SearchBar in TableView" */ = {
			isa = XCConfigurationList;
			buildConfigurations = (
				5456CB4D1F7BE0E0007EE2B4 /* Debug */,
				5456CB4E1F7BE0E0007EE2B4 /* Release */,
			);
			defaultConfigurationIsVisible = 0;
		};
/* End XCConfigurationList section */
	};
	rootObject = 5456CB321F7BE0E0007EE2B4 /* Project object */;
}
