// !$*UTF8*$!
{
	archiveVersion = 1;
	classes = {
	};
	objectVersion = 46;
	objects = {

/* Begin PBXBuildFile section */
		543C9CBC1F61D19E0060DE7F /* AppDelegate.swift in Sources */ = {isa = PBXBuildFile; fileRef = 543C9CBB1F61D19E0060DE7F /* AppDelegate.swift */; };
		543C9CBE1F61D19E0060DE7F /* ViewController.swift in Sources */ = {isa = PBXBuildFile; fileRef = 543C9CBD1F61D19E0060DE7F /* ViewController.swift */; };
		543C9CC11F61D19E0060DE7F /* Main.storyboard in Resources */ = {isa = PBXBuildFile; fileRef = 543C9CBF1F61D19E0060DE7F /* Main.storyboard */; };
		543C9CC31F61D19E0060DE7F /* Assets.xcassets in Resources */ = {isa = PBXBuildFile; fileRef = 543C9CC21F61D19E0060DE7F /* Assets.xcassets */; };
		543C9CC61F61D19E0060DE7F /* LaunchScreen.storyboard in Resources */ = {isa = PBXBuildFile; fileRef = 543C9CC41F61D19E0060DE7F /* LaunchScreen.storyboard */; };
/* End PBXBuildFile section */

/* Begin PBXFileReference section */
		543C9CB81F61D19E0060DE7F /* Simple-TableView.app */ = {isa = PBXFileReference; explicitFileType = wrapper.application; includeInIndex = 0; path = "Simple-TableView.app"; sourceTree = BUILT_PRODUCTS_DIR; };
		543C9CBB1F61D19E0060DE7F /* AppDelegate.swift */ = {isa = PBXFileReference; lastKnownFileType = sourcecode.swift; path = AppDelegate.swift; sourceTree = "<group>"; };
		543C9CBD1F61D19E0060DE7F /* ViewController.swift */ = {isa = PBXFileReference; lastKnownFileType = sourcecode.swift; path = ViewController.swift; sourceTree = "<group>"; };
		543C9CC01F61D19E0060DE7F /* Base */ = {isa = PBXFileReference; lastKnownFileType = file.storyboard; name = Base; path = Base.lproj/Main.storyboard; sourceTree = "<group>"; };
		543C9CC21F61D19E0060DE7F /* Assets.xcassets */ = {isa = PBXFileReference; lastKnownFileType = folder.assetcatalog; path = Assets.xcassets; sourceTree = "<group>"; };
		543C9CC51F61D19E0060DE7F /* Base */ = {isa = PBXFileReference; lastKnownFileType = file.storyboard; name = Base; path = Base.lproj/LaunchScreen.storyboard; sourceTree = "<group>"; };
		543C9CC71F61D19E0060DE7F /* Info.plist */ = {isa = PBXFileReference; lastKnownFileType = text.plist.xml; path = Info.plist; sourceTree = "<group>"; };
/* End PBXFileReference section */

/* Begin PBXFrameworksBuildPhase section */
		543C9CB51F61D19E0060DE7F /* Frameworks */ = {
			isa = PBXFrameworksBuildPhase;
			buildActionMask = 2147483647;
			files = (
			);
			runOnlyForDeploymentPostprocessing = 0;
		};
/* End PBXFrameworksBuildPhase section */

/* Begin PBXGroup section */
		543C9CAF1F61D19E0060DE7F = {
			isa = PBXGroup;
			children = (
				543C9CBA1F61D19E0060DE7F /* Simple-TableView */,
				543C9CB91F61D19E0060DE7F /* Products */,
			);
			sourceTree = "<group>";
		};
		543C9CB91F61D19E0060DE7F /* Products */ = {
			isa = PBXGroup;
			children = (
				543C9CB81F61D19E0060DE7F /* Simple-TableView.app */,
			);
			name = Products;
			sourceTree = "<group>";
		};
		543C9CBA1F61D19E0060DE7F /* Simple-TableView */ = {
			isa = PBXGroup;
			children = (
				543C9CBB1F61D19E0060DE7F /* AppDelegate.swift */,
				543C9CBD1F61D19E0060DE7F /* ViewController.swift */,
				543C9CBF1F61D19E0060DE7F /* Main.storyboard */,
				543C9CC21F61D19E0060DE7F /* Assets.xcassets */,
				543C9CC41F61D19E0060DE7F /* LaunchScreen.storyboard */,
				543C9CC71F61D19E0060DE7F /* Info.plist */,
			);
			path = "Simple-TableView";
			sourceTree = "<group>";
		};
/* End PBXGroup section */

/* Begin PBXNativeTarget section */
		543C9CB71F61D19E0060DE7F /* Simple-TableView */ = {
			isa = PBXNativeTarget;
			buildConfigurationList = 543C9CCA1F61D19E0060DE7F /* Build configuration list for PBXNativeTarget "Simple-TableView" */;
			buildPhases = (
				543C9CB41F61D19E0060DE7F /* Sources */,
				543C9CB51F61D19E0060DE7F /* Frameworks */,
				543C9CB61F61D19E0060DE7F /* Resources */,
			);
			buildRules = (
			);
			dependencies = (
			);
			name = "Simple-TableView";
			productName = "Simple-TableView";
			productReference = 543C9CB81F61D19E0060DE7F /* Simple-TableView.app */;
			productType = "com.apple.product-type.application";
		};
/* End PBXNativeTarget section */

/* Begin PBXProject section */
		543C9CB01F61D19E0060DE7F /* Project object */ = {
			isa = PBXProject;
			attributes = {
				LastSwiftUpdateCheck = 0830;
				LastUpgradeCheck = 0830;
				ORGANIZATIONNAME = "Martin Vacas";
				TargetAttributes = {
					543C9CB71F61D19E0060DE7F = {
						CreatedOnToolsVersion = 8.3.3;
						ProvisioningStyle = Automatic;
					};
				};
			};
			buildConfigurationList = 543C9CB31F61D19E0060DE7F /* Build configuration list for PBXProject "Simple-TableView" */;
			compatibilityVersion = "Xcode 3.2";
			developmentRegion = English;
			hasScannedForEncodings = 0;
			knownRegions = (
				en,
				Base,
			);
			mainGroup = 543C9CAF1F61D19E0060DE7F;
			productRefGroup = 543C9CB91F61D19E0060DE7F /* Products */;
			projectDirPath = "";
			projectRoot = "";
			targets = (
				543C9CB71F61D19E0060DE7F /* Simple-TableView */,
			);
		};
/* End PBXProject section */

/* Begin PBXResourcesBuildPhase section */
		543C9CB61F61D19E0060DE7F /* Resources */ = {
			isa = PBXResourcesBuildPhase;
			buildActionMask = 2147483647;
			files = (
				543C9CC61F61D19E0060DE7F /* LaunchScreen.storyboard in Resources */,
				543C9CC31F61D19E0060DE7F /* Assets.xcassets in Resources */,
				543C9CC11F61D19E0060DE7F /* Main.storyboard in Resources */,
			);
			runOnlyForDeploymentPostprocessing = 0;
		};
/* End PBXResourcesBuildPhase section */

/* Begin PBXSourcesBuildPhase section */
		543C9CB41F61D19E0060DE7F /* Sources */ = {
			isa = PBXSourcesBuildPhase;
			buildActionMask = 2147483647;
			files = (
				543C9CBE1F61D19E0060DE7F /* ViewController.swift in Sources */,
				543C9CBC1F61D19E0060DE7F /* AppDelegate.swift in Sources */,
			);
			runOnlyForDeploymentPostprocessing = 0;
		};
/* End PBXSourcesBuildPhase section */

/* Begin PBXVariantGroup section */
		543C9CBF1F61D19E0060DE7F /* Main.storyboard */ = {
			isa = PBXVariantGroup;
			children = (
				543C9CC01F61D19E0060DE7F /* Base */,
			);
			name = Main.storyboard;
			sourceTree = "<group>";
		};
		543C9CC41F61D19E0060DE7F /* LaunchScreen.storyboard */ = {
			isa = PBXVariantGroup;
			children = (
				543C9CC51F61D19E0060DE7F /* Base */,
			);
			name = LaunchScreen.storyboard;
			sourceTree = "<group>";
		};
/* End PBXVariantGroup section */

/* Begin XCBuildConfiguration section */
		543C9CC81F61D19E0060DE7F /* Debug */ = {
			isa = XCBuildConfiguration;
			buildSettings = {
				ALWAYS_SEARCH_USER_PATHS = NO;
				CLANG_ANALYZER_NONNULL = YES;
				CLANG_ANALYZER_NUMBER_OBJECT_CONVERSION = YES_AGGRESSIVE;
				CLANG_CXX_LANGUAGE_STANDARD = "gnu++0x";
				CLANG_CXX_LIBRARY = "libc++";
				CLANG_ENABLE_MODULES = YES;
				CLANG_ENABLE_OBJC_ARC = YES;
				CLANG_WARN_BOOL_CONVERSION = YES;
				CLANG_WARN_CONSTANT_CONVERSION = YES;
				CLANG_WARN_DIRECT_OBJC_ISA_USAGE = YES_ERROR;
				CLANG_WARN_DOCUMENTATION_COMMENTS = YES;
				CLANG_WARN_EMPTY_BODY = YES;
				CLANG_WARN_ENUM_CONVERSION = YES;
				CLANG_WARN_INFINITE_RECURSION = YES;
				CLANG_WARN_INT_CONVERSION = YES;
				CLANG_WARN_OBJC_ROOT_CLASS = YES_ERROR;
				CLANG_WARN_SUSPICIOUS_MOVE = YES;
				CLANG_WARN_UNREACHABLE_CODE = YES;
				CLANG_WARN__DUPLICATE_METHOD_MATCH = YES;
				"CODE_SIGN_IDENTITY[sdk=iphoneos*]" = "iPhone Developer";
				COPY_PHASE_STRIP = NO;
				DEBUG_INFORMATION_FORMAT = dwarf;
				ENABLE_STRICT_OBJC_MSGSEND = YES;
				ENABLE_TESTABILITY = YES;
				GCC_C_LANGUAGE_STANDARD = gnu99;
				GCC_DYNAMIC_NO_PIC = NO;
				GCC_NO_COMMON_BLOCKS = YES;
				GCC_OPTIMIZATION_LEVEL = 0;
				GCC_PREPROCESSOR_DEFINITIONS = (
					"DEBUG=1",
					"$(inherited)",
				);
				GCC_WARN_64_TO_32_BIT_CONVERSION = YES;
				GCC_WARN_ABOUT_RETURN_TYPE = YES_ERROR;
				GCC_WARN_UNDECLARED_SELECTOR = YES;
				GCC_WARN_UNINITIALIZED_AUTOS = YES_AGGRESSIVE;
				GCC_WARN_UNUSED_FUNCTION = YES;
				GCC_WARN_UNUSED_VARIABLE = YES;
				IPHONEOS_DEPLOYMENT_TARGET = 10.3;
				MTL_ENABLE_DEBUG_INFO = YES;
				ONLY_ACTIVE_ARCH = YES;
				SDKROOT = iphoneos;
				SWIFT_ACTIVE_COMPILATION_CONDITIONS = DEBUG;
				SWIFT_OPTIMIZATION_LEVEL = "-Onone";
				TARGETED_DEVICE_FAMILY = "1,2";
			};
			name = Debug;
		};
		543C9CC91F61D19E0060DE7F /* Release */ = {
			isa = XCBuildConfiguration;
			buildSettings = {
				ALWAYS_SEARCH_USER_PATHS = NO;
				CLANG_ANALYZER_NONNULL = YES;
				CLANG_ANALYZER_NUMBER_OBJECT_CONVERSION = YES_AGGRESSIVE;
				CLANG_CXX_LANGUAGE_STANDARD = "gnu++0x";
				CLANG_CXX_LIBRARY = "libc++";
				CLANG_ENABLE_MODULES = YES;
				CLANG_ENABLE_OBJC_ARC = YES;
				CLANG_WARN_BOOL_CONVERSION = YES;
				CLANG_WARN_CONSTANT_CONVERSION = YES;
				CLANG_WARN_DIRECT_OBJC_ISA_USAGE = YES_ERROR;
				CLANG_WARN_DOCUMENTATION_COMMENTS = YES;
				CLANG_WARN_EMPTY_BODY = YES;
				CLANG_WARN_ENUM_CONVERSION = YES;
				CLANG_WARN_INFINITE_RECURSION = YES;
				CLANG_WARN_INT_CONVERSION = YES;
				CLANG_WARN_OBJC_ROOT_CLASS = YES_ERROR;
				CLANG_WARN_SUSPICIOUS_MOVE = YES;
				CLANG_WARN_UNREACHABLE_CODE = YES;
				CLANG_WARN__DUPLICATE_METHOD_MATCH = YES;
				"CODE_SIGN_IDENTITY[sdk=iphoneos*]" = "iPhone Developer";
				COPY_PHASE_STRIP = NO;
				DEBUG_INFORMATION_FORMAT = "dwarf-with-dsym";
				ENABLE_NS_ASSERTIONS = NO;
				ENABLE_STRICT_OBJC_MSGSEND = YES;
				GCC_C_LANGUAGE_STANDARD = gnu99;
				GCC_NO_COMMON_BLOCKS = YES;
				GCC_WARN_64_TO_32_BIT_CONVERSION = YES;
				GCC_WARN_ABOUT_RETURN_TYPE = YES_ERROR;
				GCC_WARN_UNDECLARED_SELECTOR = YES;
				GCC_WARN_UNINITIALIZED_AUTOS = YES_AGGRESSIVE;
				GCC_WARN_UNUSED_FUNCTION = YES;
				GCC_WARN_UNUSED_VARIABLE = YES;
				IPHONEOS_DEPLOYMENT_TARGET = 10.3;
				MTL_ENABLE_DEBUG_INFO = NO;
				SDKROOT = iphoneos;
				SWIFT_OPTIMIZATION_LEVEL = "-Owholemodule";
				TARGETED_DEVICE_FAMILY = "1,2";
				VALIDATE_PRODUCT = YES;
			};
			name = Release;
		};
		543C9CCB1F61D19E0060DE7F /* Debug */ = {
			isa = XCBuildConfiguration;
			buildSettings = {
				ASSETCATALOG_COMPILER_APPICON_NAME = AppIcon;
				INFOPLIST_FILE = "Simple-TableView/Info.plist";
				LD_RUNPATH_SEARCH_PATHS = "$(inherited) @executable_path/Frameworks";
				PRODUCT_BUNDLE_IDENTIFIER = "ar.com.fluxit.Simple-TableView";
				PRODUCT_NAME = "$(TARGET_NAME)";
				SWIFT_VERSION = 3.0;
			};
			name = Debug;
		};
		543C9CCC1F61D19E0060DE7F /* Release */ = {
			isa = XCBuildConfiguration;
			buildSettings = {
				ASSETCATALOG_COMPILER_APPICON_NAME = AppIcon;
				INFOPLIST_FILE = "Simple-TableView/Info.plist";
				LD_RUNPATH_SEARCH_PATHS = "$(inherited) @executable_path/Frameworks";
				PRODUCT_BUNDLE_IDENTIFIER = "ar.com.fluxit.Simple-TableView";
				PRODUCT_NAME = "$(TARGET_NAME)";
				SWIFT_VERSION = 3.0;
			};
			name = Release;
		};
/* End XCBuildConfiguration section */

/* Begin XCConfigurationList section */
		543C9CB31F61D19E0060DE7F /* Build configuration list for PBXProject "Simple-TableView" */ = {
			isa = XCConfigurationList;
			buildConfigurations = (
				543C9CC81F61D19E0060DE7F /* Debug */,
				543C9CC91F61D19E0060DE7F /* Release */,
			);
			defaultConfigurationIsVisible = 0;
			defaultConfigurationName = Release;
		};
		543C9CCA1F61D19E0060DE7F /* Build configuration list for PBXNativeTarget "Simple-TableView" */ = {
			isa = XCConfigurationList;
			buildConfigurations = (
				543C9CCB1F61D19E0060DE7F /* Debug */,
				543C9CCC1F61D19E0060DE7F /* Release */,
			);
			defaultConfigurationIsVisible = 0;
		};
/* End XCConfigurationList section */
	};
	rootObject = 543C9CB01F61D19E0060DE7F /* Project object */;
}
